{
  "originHash" : "76fa74f12e63e7eaa78f659ba834a85a123e8ef9fb7b69d2a52c03f17a311cbb",
  "pins" : [
    {
      "identity" : "liquid",
      "kind" : "remoteSourceControl",
      "location" : "https://github.com/maustinstar/liquid",
      "state" : {
        "branch" : "master",
        "revision" : "067aecd19425b3d37d1bca176aca9a0dc5ff6ed0"
      }
    },
    {
      "identity" : "pow",
      "kind" : "remoteSourceControl",
      "location" : "https://github.com/EmergeTools/Pow",
      "state" : {
        "revision" : "a504eb6d144bcf49f4f33029a2795345cb39e6b4",
        "version" : "1.0.5"
      }
    },
    {
      "identity" : "shiny",
      "kind" : "remoteSourceControl",
      "location" : "https://github.com/maustinstar/shiny",
      "state" : {
        "branch" : "master",
        "revision" : "862360b8ab6b9ea9eb1156569a30f154b22625a5"
      }
    }
  ],
  "version" : 3
}
